
Microsoft Visual Studio Solution File, Format Version 12.00
# Visual Studio Version 17
VisualStudioVersion = 17.0.31903.59
MinimumVisualStudioVersion = 10.0.40219.1
Project("{FAE04EC0-301F-11D3-BF4B-00C04F79EFBC}") = "ScavMulti", "ScavMulti\ScavMulti.csproj", "{B5113FF7-DE75-4DC3-9AD0-B723C165337F}"
EndProject
Project("{FAE04EC0-301F-11D3-BF4B-00C04F79EFBC}") = "ScavMulti.PreloadPatcher", "ScavMulti.PreloadPatcher\ScavMulti.PreloadPatcher.csproj", "{F15A9F9E-002E-41BF-983F-8ABCC5D605FE}"
EndProject
Project("{FAE04EC0-301F-11D3-BF4B-00C04F79EFBC}") = "MessagePack.Unity", "MessagePack.Unity\MessagePack.Unity.csproj", "{19DF432D-CF48-459F-B609-996DFA30C96E}"
EndProject
Global
	GlobalSection(SolutionConfigurationPlatforms) = preSolution
		Debug|Any CPU = Debug|Any CPU
		Debug|x64 = Debug|x64
		Debug|x86 = Debug|x86
		Release|Any CPU = Release|Any CPU
		Release|x64 = Release|x64
		Release|x86 = Release|x86
	EndGlobalSection
	GlobalSection(ProjectConfigurationPlatforms) = postSolution
		{B5113FF7-DE75-4DC3-9AD0-B723C165337F}.Debug|Any CPU.ActiveCfg = Debug|Any CPU
		{B5113FF7-DE75-4DC3-9AD0-B723C165337F}.Debug|Any CPU.Build.0 = Debug|Any CPU
		{B5113FF7-DE75-4DC3-9AD0-B723C165337F}.Debug|x64.ActiveCfg = Debug|x64
		{B5113FF7-DE75-4DC3-9AD0-B723C165337F}.Debug|x64.Build.0 = Debug|x64
		{B5113FF7-DE75-4DC3-9AD0-B723C165337F}.Debug|x86.ActiveCfg = Debug|x86
		{B5113FF7-DE75-4DC3-9AD0-B723C165337F}.Debug|x86.Build.0 = Debug|x86
		{B5113FF7-DE75-4DC3-9AD0-B723C165337F}.Release|Any CPU.ActiveCfg = Release|Any CPU
		{B5113FF7-DE75-4DC3-9AD0-B723C165337F}.Release|Any CPU.Build.0 = Release|Any CPU
		{B5113FF7-DE75-4DC3-9AD0-B723C165337F}.Release|x64.ActiveCfg = Release|x64
		{B5113FF7-DE75-4DC3-9AD0-B723C165337F}.Release|x64.Build.0 = Release|x64
		{B5113FF7-DE75-4DC3-9AD0-B723C165337F}.Release|x86.ActiveCfg = Release|x86
		{B5113FF7-DE75-4DC3-9AD0-B723C165337F}.Release|x86.Build.0 = Release|x86
		{F15A9F9E-002E-41BF-983F-8ABCC5D605FE}.Debug|Any CPU.ActiveCfg = Debug|Any CPU
		{F15A9F9E-002E-41BF-983F-8ABCC5D605FE}.Debug|Any CPU.Build.0 = Debug|Any CPU
		{F15A9F9E-002E-41BF-983F-8ABCC5D605FE}.Debug|x64.ActiveCfg = Debug|x64
		{F15A9F9E-002E-41BF-983F-8ABCC5D605FE}.Debug|x64.Build.0 = Debug|x64
		{F15A9F9E-002E-41BF-983F-8ABCC5D605FE}.Debug|x86.ActiveCfg = Debug|x86
		{F15A9F9E-002E-41BF-983F-8ABCC5D605FE}.Debug|x86.Build.0 = Debug|x86
		{F15A9F9E-002E-41BF-983F-8ABCC5D605FE}.Release|Any CPU.ActiveCfg = Release|Any CPU
		{F15A9F9E-002E-41BF-983F-8ABCC5D605FE}.Release|Any CPU.Build.0 = Release|Any CPU
		{F15A9F9E-002E-41BF-983F-8ABCC5D605FE}.Release|x64.ActiveCfg = Release|x64
		{F15A9F9E-002E-41BF-983F-8ABCC5D605FE}.Release|x64.Build.0 = Release|x64
		{F15A9F9E-002E-41BF-983F-8ABCC5D605FE}.Release|x86.ActiveCfg = Release|x86
		{F15A9F9E-002E-41BF-983F-8ABCC5D605FE}.Release|x86.Build.0 = Release|x86
		{19DF432D-CF48-459F-B609-996DFA30C96E}.Debug|Any CPU.ActiveCfg = Debug|Any CPU
		{19DF432D-CF48-459F-B609-996DFA30C96E}.Debug|Any CPU.Build.0 = Debug|Any CPU
		{19DF432D-CF48-459F-B609-996DFA30C96E}.Debug|x64.ActiveCfg = Debug|x64
		{19DF432D-CF48-459F-B609-996DFA30C96E}.Debug|x64.Build.0 = Debug|x64
		{19DF432D-CF48-459F-B609-996DFA30C96E}.Debug|x86.ActiveCfg = Debug|x86
		{19DF432D-CF48-459F-B609-996DFA30C96E}.Debug|x86.Build.0 = Debug|x86
		{19DF432D-CF48-459F-B609-996DFA30C96E}.Release|Any CPU.ActiveCfg = Release|Any CPU
		{19DF432D-CF48-459F-B609-996DFA30C96E}.Release|Any CPU.Build.0 = Release|Any CPU
		{19DF432D-CF48-459F-B609-996DFA30C96E}.Release|x64.ActiveCfg = Release|x64
		{19DF432D-CF48-459F-B609-996DFA30C96E}.Release|x64.Build.0 = Release|x64
		{19DF432D-CF48-459F-B609-996DFA30C96E}.Release|x86.ActiveCfg = Release|x86
		{19DF432D-CF48-459F-B609-996DFA30C96E}.Release|x86.Build.0 = Release|x86
	EndGlobalSection
	GlobalSection(SolutionProperties) = preSolution
		HideSolutionNode = FALSE
	EndGlobalSection
EndGlobal
